github.com/buger/goterm v0.0.0-20200322175922-2f3e71b85129 h1:gfAMKE626QEuKG3si0pdTRcr/YEbBoxY+3GOH3gWvl4=
github.com/buger/goterm v0.0.0-20200322175922-2f3e71b85129/go.mod h1:u9UyCz2eTrSGy6fbupqJ54eY5c4IC8gREQ1053dK12U=
github.com/dustin/go-humanize v1.0.0 h1:VSnTsYCnlFHaM2/igO1h6X3HA71jcobQuxemgkq4zYo=
github.com/dustin/go-humanize v1.0.0/go.mod h1:HtrtbFcZ19U5GC7JDqmcUSB87Iq5E25KnS6fMYU6eOk=
golang.org/x/sys v0.0.0-20210218155724-8ebf48af031b h1:lAZ0/chPUDWwjqosYR0X4M490zQhMsiJ4K3DbA7o+3g=
golang.org/x/sys v0.0.0-20210218155724-8ebf48af031b/go.mod h1:h1NjWce9XRLGQEsW7wpKNCjG9DtNlClVuFLEZdDNbEs=
